
Microsoft Visual Studio Solution File, Format Version 12.00
# Visual Studio Version 17
VisualStudioVersion = 17.9.34728.123
MinimumVisualStudioVersion = 10.0.40219.1
Project("{9A19103F-16F7-4668-BE54-9A1E7A4F7556}") = "TLD-Twitch-Integration", "TLD-Twitch-Integration\TLD-Twitch-Integration.csproj", "{255FEEA7-5C2C-4F8B-A375-E1464415E9BD}"
EndProject
Project("{2150E333-8FDC-42A3-9474-1A3956D46DE8}") = "Solution Items", "Solution Items", "{5BDD3F68-CCB8-4C18-903E-CAB89A99EC51}"
	ProjectSection(SolutionItems) = preProject
		README.md = README.md
		RedeemsForRelease.md = RedeemsForRelease.md
	EndProjectSection
EndProject
Project("{9A19103F-16F7-4668-BE54-9A1E7A4F7556}") = "TTI-Test", "TTI-Test\TTI-Test.csproj", "{138FEABD-42F4-460F-9E10-AE4214AE7C74}"
EndProject
Global
	GlobalSection(SolutionConfigurationPlatforms) = preSolution
		Debug|Any CPU = Debug|Any CPU
		Release|Any CPU = Release|Any CPU
	EndGlobalSection
	GlobalSection(ProjectConfigurationPlatforms) = postSolution
		{255FEEA7-5C2C-4F8B-A375-E1464415E9BD}.Debug|Any CPU.ActiveCfg = Debug|Any CPU
		{255FEEA7-5C2C-4F8B-A375-E1464415E9BD}.Debug|Any CPU.Build.0 = Debug|Any CPU
		{255FEEA7-5C2C-4F8B-A375-E1464415E9BD}.Release|Any CPU.ActiveCfg = Release|Any CPU
		{255FEEA7-5C2C-4F8B-A375-E1464415E9BD}.Release|Any CPU.Build.0 = Release|Any CPU
		{138FEABD-42F4-460F-9E10-AE4214AE7C74}.Debug|Any CPU.ActiveCfg = Debug|Any CPU
		{138FEABD-42F4-460F-9E10-AE4214AE7C74}.Debug|Any CPU.Build.0 = Debug|Any CPU
		{138FEABD-42F4-460F-9E10-AE4214AE7C74}.Release|Any CPU.ActiveCfg = Release|Any CPU
		{138FEABD-42F4-460F-9E10-AE4214AE7C74}.Release|Any CPU.Build.0 = Release|Any CPU
	EndGlobalSection
	GlobalSection(SolutionProperties) = preSolution
		HideSolutionNode = FALSE
	EndGlobalSection
	GlobalSection(ExtensibilityGlobals) = postSolution
		SolutionGuid = {8A257B32-D90C-4388-8278-6BD3BE5F61C5}
	EndGlobalSection
EndGlobal
